// !$*UTF8*$!
{
	archiveVersion = 1;
	classes = {
	};
	objectVersion = 50;
	objects = {

/* Begin PBXBuildFile section */
		9E3CE8C427577CE000AE4C21 /* Refeicao.swift in Sources */ = {isa = PBXBuildFile; fileRef = 9E3CE8C327577CE000AE4C21 /* Refeicao.swift */; };
		9E3CE8C627577DAC00AE4C21 /* Item.swift in Sources */ = {isa = PBXBuildFile; fileRef = 9E3CE8C527577DAC00AE4C21 /* Item.swift */; };
		9ECD3AB426545460002BC78F /* AppDelegate.swift in Sources */ = {isa = PBXBuildFile; fileRef = 9ECD3AB326545460002BC78F /* AppDelegate.swift */; };
		9ECD3AB626545460002BC78F /* SceneDelegate.swift in Sources */ = {isa = PBXBuildFile; fileRef = 9ECD3AB526545460002BC78F /* SceneDelegate.swift */; };
		9ECD3AB826545460002BC78F /* ViewController.swift in Sources */ = {isa = PBXBuildFile; fileRef = 9ECD3AB726545460002BC78F /* ViewController.swift */; };
		9ECD3ABB26545460002BC78F /* Main.storyboard in Resources */ = {isa = PBXBuildFile; fileRef = 9ECD3AB926545460002BC78F /* Main.storyboard */; };
		9ECD3ABD26545462002BC78F /* Assets.xcassets in Resources */ = {isa = PBXBuildFile; fileRef = 9ECD3ABC26545462002BC78F /* Assets.xcassets */; };
		9ECD3AC026545462002BC78F /* LaunchScreen.storyboard in Resources */ = {isa = PBXBuildFile; fileRef = 9ECD3ABE26545462002BC78F /* LaunchScreen.storyboard */; };
/* End PBXBuildFile section */

/* Begin PBXFileReference section */
		9E3CE8C327577CE000AE4C21 /* Refeicao.swift */ = {isa = PBXFileReference; lastKnownFileType = sourcecode.swift; path = Refeicao.swift; sourceTree = "<group>"; };
		9E3CE8C527577DAC00AE4C21 /* Item.swift */ = {isa = PBXFileReference; lastKnownFileType = sourcecode.swift; path = Item.swift; sourceTree = "<group>"; };
		9E7FEFF42655B64E00F947C6 /* MyPlayground.playground */ = {isa = PBXFileReference; lastKnownFileType = file.playground; path = MyPlayground.playground; sourceTree = "<group>"; xcLanguageSpecificationIdentifier = xcode.lang.swift; };
		9ECD3AB026545460002BC78F /* eggplant-brownie.app */ = {isa = PBXFileReference; explicitFileType = wrapper.application; includeInIndex = 0; path = "eggplant-brownie.app"; sourceTree = BUILT_PRODUCTS_DIR; };
		9ECD3AB326545460002BC78F /* AppDelegate.swift */ = {isa = PBXFileReference; lastKnownFileType = sourcecode.swift; path = AppDelegate.swift; sourceTree = "<group>"; };
		9ECD3AB526545460002BC78F /* SceneDelegate.swift */ = {isa = PBXFileReference; lastKnownFileType = sourcecode.swift; path = SceneDelegate.swift; sourceTree = "<group>"; };
		9ECD3AB726545460002BC78F /* ViewController.swift */ = {isa = PBXFileReference; lastKnownFileType = sourcecode.swift; path = ViewController.swift; sourceTree = "<group>"; };
		9ECD3ABA26545460002BC78F /* Base */ = {isa = PBXFileReference; lastKnownFileType = file.storyboard; name = Base; path = Base.lproj/Main.storyboard; sourceTree = "<group>"; };
		9ECD3ABC26545462002BC78F /* Assets.xcassets */ = {isa = PBXFileReference; lastKnownFileType = folder.assetcatalog; path = Assets.xcassets; sourceTree = "<group>"; };
		9ECD3ABF26545462002BC78F /* Base */ = {isa = PBXFileReference; lastKnownFileType = file.storyboard; name = Base; path = Base.lproj/LaunchScreen.storyboard; sourceTree = "<group>"; };
		9ECD3AC126545462002BC78F /* Info.plist */ = {isa = PBXFileReference; lastKnownFileType = text.plist.xml; path = Info.plist; sourceTree = "<group>"; };
/* End PBXFileReference section */

/* Begin PBXFrameworksBuildPhase section */
		9ECD3AAD26545460002BC78F /* Frameworks */ = {
			isa = PBXFrameworksBuildPhase;
			buildActionMask = 2147483647;
			files = (
			);
			runOnlyForDeploymentPostprocessing = 0;
		};
/* End PBXFrameworksBuildPhase section */

/* Begin PBXGroup section */
		9E3CE8C727577E6500AE4C21 /* Models */ = {
			isa = PBXGroup;
			children = (
				9E3CE8C327577CE000AE4C21 /* Refeicao.swift */,
				9E3CE8C527577DAC00AE4C21 /* Item.swift */,
			);
			path = Models;
			sourceTree = "<group>";
		};
		9E3CE8C827577E8600AE4C21 /* Controllers */ = {
			isa = PBXGroup;
			children = (
				9ECD3AB726545460002BC78F /* ViewController.swift */,
			);
			path = Controllers;
			sourceTree = "<group>";
		};
		9E3CE8CA27577EBE00AE4C21 /* Views */ = {
			isa = PBXGroup;
			children = (
				9ECD3AB926545460002BC78F /* Main.storyboard */,
			);
			path = Views;
			sourceTree = "<group>";
		};
		9ECD3AA726545460002BC78F = {
			isa = PBXGroup;
			children = (
				9ECD3AB226545460002BC78F /* eggplant-brownie */,
				9ECD3AB126545460002BC78F /* Products */,
			);
			sourceTree = "<group>";
		};
		9ECD3AB126545460002BC78F /* Products */ = {
			isa = PBXGroup;
			children = (
				9ECD3AB026545460002BC78F /* eggplant-brownie.app */,
			);
			name = Products;
			sourceTree = "<group>";
		};
		9ECD3AB226545460002BC78F /* eggplant-brownie */ = {
			isa = PBXGroup;
			children = (
				9ECD3AB326545460002BC78F /* AppDelegate.swift */,
				9ECD3AB526545460002BC78F /* SceneDelegate.swift */,
				9E3CE8CA27577EBE00AE4C21 /* Views */,
				9E3CE8C727577E6500AE4C21 /* Models */,
				9E3CE8C827577E8600AE4C21 /* Controllers */,
				9ECD3ABC26545462002BC78F /* Assets.xcassets */,
				9E7FEFF42655B64E00F947C6 /* MyPlayground.playground */,
				9ECD3ABE26545462002BC78F /* LaunchScreen.storyboard */,
				9ECD3AC126545462002BC78F /* Info.plist */,
			);
			path = "eggplant-brownie";
			sourceTree = "<group>";
		};
/* End PBXGroup section */

/* Begin PBXNativeTarget section */
		9ECD3AAF26545460002BC78F /* eggplant-brownie */ = {
			isa = PBXNativeTarget;
			buildConfigurationList = 9ECD3AC426545462002BC78F /* Build configuration list for PBXNativeTarget "eggplant-brownie" */;
			buildPhases = (
				9ECD3AAC26545460002BC78F /* Sources */,
				9ECD3AAD26545460002BC78F /* Frameworks */,
				9ECD3AAE26545460002BC78F /* Resources */,
			);
			buildRules = (
			);
			dependencies = (
			);
			name = "eggplant-brownie";
			productName = "eggplant-brownie";
			productReference = 9ECD3AB026545460002BC78F /* eggplant-brownie.app */;
			productType = "com.apple.product-type.application";
		};
/* End PBXNativeTarget section */

/* Begin PBXProject section */
		9ECD3AA826545460002BC78F /* Project object */ = {
			isa = PBXProject;
			attributes = {
				LastSwiftUpdateCheck = 1250;
				LastUpgradeCheck = 1250;
				TargetAttributes = {
					9ECD3AAF26545460002BC78F = {
						CreatedOnToolsVersion = 12.5;
					};
				};
			};
			buildConfigurationList = 9ECD3AAB26545460002BC78F /* Build configuration list for PBXProject "eggplant-brownie" */;
			compatibilityVersion = "Xcode 9.3";
			developmentRegion = en;
			hasScannedForEncodings = 0;
			knownRegions = (
				en,
				Base,
			);
			mainGroup = 9ECD3AA726545460002BC78F;
			productRefGroup = 9ECD3AB126545460002BC78F /* Products */;
			projectDirPath = "";
			projectRoot = "";
			targets = (
				9ECD3AAF26545460002BC78F /* eggplant-brownie */,
			);
		};
/* End PBXProject section */

/* Begin PBXResourcesBuildPhase section */
		9ECD3AAE26545460002BC78F /* Resources */ = {
			isa = PBXResourcesBuildPhase;
			buildActionMask = 2147483647;
			files = (
				9ECD3AC026545462002BC78F /* LaunchScreen.storyboard in Resources */,
				9ECD3ABD26545462002BC78F /* Assets.xcassets in Resources */,
				9ECD3ABB26545460002BC78F /* Main.storyboard in Resources */,
			);
			runOnlyForDeploymentPostprocessing = 0;
		};
/* End PBXResourcesBuildPhase section */

/* Begin PBXSourcesBuildPhase section */
		9ECD3AAC26545460002BC78F /* Sources */ = {
			isa = PBXSourcesBuildPhase;
			buildActionMask = 2147483647;
			files = (
				9E3CE8C627577DAC00AE4C21 /* Item.swift in Sources */,
				9ECD3AB826545460002BC78F /* ViewController.swift in Sources */,
				9ECD3AB426545460002BC78F /* AppDelegate.swift in Sources */,
				9ECD3AB626545460002BC78F /* SceneDelegate.swift in Sources */,
				9E3CE8C427577CE000AE4C21 /* Refeicao.swift in Sources */,
			);
			runOnlyForDeploymentPostprocessing = 0;
		};
/* End PBXSourcesBuildPhase section */

/* Begin PBXVariantGroup section */
		9ECD3AB926545460002BC78F /* Main.storyboard */ = {
			isa = PBXVariantGroup;
			children = (
				9ECD3ABA26545460002BC78F /* Base */,
			);
			name = Main.storyboard;
			sourceTree = "<group>";
		};
		9ECD3ABE26545462002BC78F /* LaunchScreen.storyboard */ = {
			isa = PBXVariantGroup;
			children = (
				9ECD3ABF26545462002BC78F /* Base */,
			);
			name = LaunchScreen.storyboard;
			sourceTree = "<group>";
		};
/* End PBXVariantGroup section */

/* Begin XCBuildConfiguration section */
		9ECD3AC226545462002BC78F /* Debug */ = {
			isa = XCBuildConfiguration;
			buildSettings = {
				ALWAYS_SEARCH_USER_PATHS = NO;
				CLANG_ANALYZER_NONNULL = YES;
				CLANG_ANALYZER_NUMBER_OBJECT_CONVERSION = YES_AGGRESSIVE;
				CLANG_CXX_LANGUAGE_STANDARD = "gnu++14";
				CLANG_CXX_LIBRARY = "libc++";
				CLANG_ENABLE_MODULES = YES;
				CLANG_ENABLE_OBJC_ARC = YES;
				CLANG_ENABLE_OBJC_WEAK = YES;
				CLANG_WARN_BLOCK_CAPTURE_AUTORELEASING = YES;
				CLANG_WARN_BOOL_CONVERSION = YES;
				CLANG_WARN_COMMA = YES;
				CLANG_WARN_CONSTANT_CONVERSION = YES;
				CLANG_WARN_DEPRECATED_OBJC_IMPLEMENTATIONS = YES;
				CLANG_WARN_DIRECT_OBJC_ISA_USAGE = YES_ERROR;
				CLANG_WARN_DOCUMENTATION_COMMENTS = YES;
				CLANG_WARN_EMPTY_BODY = YES;
				CLANG_WARN_ENUM_CONVERSION = YES;
				CLANG_WARN_INFINITE_RECURSION = YES;
				CLANG_WARN_INT_CONVERSION = YES;
				CLANG_WARN_NON_LITERAL_NULL_CONVERSION = YES;
				CLANG_WARN_OBJC_IMPLICIT_RETAIN_SELF = YES;
				CLANG_WARN_OBJC_LITERAL_CONVERSION = YES;
				CLANG_WARN_OBJC_ROOT_CLASS = YES_ERROR;
				CLANG_WARN_QUOTED_INCLUDE_IN_FRAMEWORK_HEADER = YES;
				CLANG_WARN_RANGE_LOOP_ANALYSIS = YES;
				CLANG_WARN_STRICT_PROTOTYPES = YES;
				CLANG_WARN_SUSPICIOUS_MOVE = YES;
				CLANG_WARN_UNGUARDED_AVAILABILITY = YES_AGGRESSIVE;
				CLANG_WARN_UNREACHABLE_CODE = YES;
				CLANG_WARN__DUPLICATE_METHOD_MATCH = YES;
				COPY_PHASE_STRIP = NO;
				DEBUG_INFORMATION_FORMAT = dwarf;
				ENABLE_STRICT_OBJC_MSGSEND = YES;
				ENABLE_TESTABILITY = YES;
				GCC_C_LANGUAGE_STANDARD = gnu11;
				GCC_DYNAMIC_NO_PIC = NO;
				GCC_NO_COMMON_BLOCKS = YES;
				GCC_OPTIMIZATION_LEVEL = 0;
				GCC_PREPROCESSOR_DEFINITIONS = (
					"DEBUG=1",
					"$(inherited)",
				);
				GCC_WARN_64_TO_32_BIT_CONVERSION = YES;
				GCC_WARN_ABOUT_RETURN_TYPE = YES_ERROR;
				GCC_WARN_UNDECLARED_SELECTOR = YES;
				GCC_WARN_UNINITIALIZED_AUTOS = YES_AGGRESSIVE;
				GCC_WARN_UNUSED_FUNCTION = YES;
				GCC_WARN_UNUSED_VARIABLE = YES;
				IPHONEOS_DEPLOYMENT_TARGET = 14.5;
				MTL_ENABLE_DEBUG_INFO = INCLUDE_SOURCE;
				MTL_FAST_MATH = YES;
				ONLY_ACTIVE_ARCH = YES;
				SDKROOT = iphoneos;
				SWIFT_ACTIVE_COMPILATION_CONDITIONS = DEBUG;
				SWIFT_OPTIMIZATION_LEVEL = "-Onone";
			};
			name = Debug;
		};
		9ECD3AC326545462002BC78F /* Release */ = {
			isa = XCBuildConfiguration;
			buildSettings = {
				ALWAYS_SEARCH_USER_PATHS = NO;
				CLANG_ANALYZER_NONNULL = YES;
				CLANG_ANALYZER_NUMBER_OBJECT_CONVERSION = YES_AGGRESSIVE;
				CLANG_CXX_LANGUAGE_STANDARD = "gnu++14";
				CLANG_CXX_LIBRARY = "libc++";
				CLANG_ENABLE_MODULES = YES;
				CLANG_ENABLE_OBJC_ARC = YES;
				CLANG_ENABLE_OBJC_WEAK = YES;
				CLANG_WARN_BLOCK_CAPTURE_AUTORELEASING = YES;
				CLANG_WARN_BOOL_CONVERSION = YES;
				CLANG_WARN_COMMA = YES;
				CLANG_WARN_CONSTANT_CONVERSION = YES;
				CLANG_WARN_DEPRECATED_OBJC_IMPLEMENTATIONS = YES;
				CLANG_WARN_DIRECT_OBJC_ISA_USAGE = YES_ERROR;
				CLANG_WARN_DOCUMENTATION_COMMENTS = YES;
				CLANG_WARN_EMPTY_BODY = YES;
				CLANG_WARN_ENUM_CONVERSION = YES;
				CLANG_WARN_INFINITE_RECURSION = YES;
				CLANG_WARN_INT_CONVERSION = YES;
				CLANG_WARN_NON_LITERAL_NULL_CONVERSION = YES;
				CLANG_WARN_OBJC_IMPLICIT_RETAIN_SELF = YES;
				CLANG_WARN_OBJC_LITERAL_CONVERSION = YES;
				CLANG_WARN_OBJC_ROOT_CLASS = YES_ERROR;
				CLANG_WARN_QUOTED_INCLUDE_IN_FRAMEWORK_HEADER = YES;
				CLANG_WARN_RANGE_LOOP_ANALYSIS = YES;
				CLANG_WARN_STRICT_PROTOTYPES = YES;
				CLANG_WARN_SUSPICIOUS_MOVE = YES;
				CLANG_WARN_UNGUARDED_AVAILABILITY = YES_AGGRESSIVE;
				CLANG_WARN_UNREACHABLE_CODE = YES;
				CLANG_WARN__DUPLICATE_METHOD_MATCH = YES;
				COPY_PHASE_STRIP = NO;
				DEBUG_INFORMATION_FORMAT = "dwarf-with-dsym";
				ENABLE_NS_ASSERTIONS = NO;
				ENABLE_STRICT_OBJC_MSGSEND = YES;
				GCC_C_LANGUAGE_STANDARD = gnu11;
				GCC_NO_COMMON_BLOCKS = YES;
				GCC_WARN_64_TO_32_BIT_CONVERSION = YES;
				GCC_WARN_ABOUT_RETURN_TYPE = YES_ERROR;
				GCC_WARN_UNDECLARED_SELECTOR = YES;
				GCC_WARN_UNINITIALIZED_AUTOS = YES_AGGRESSIVE;
				GCC_WARN_UNUSED_FUNCTION = YES;
				GCC_WARN_UNUSED_VARIABLE = YES;
				IPHONEOS_DEPLOYMENT_TARGET = 14.5;
				MTL_ENABLE_DEBUG_INFO = NO;
				MTL_FAST_MATH = YES;
				SDKROOT = iphoneos;
				SWIFT_COMPILATION_MODE = wholemodule;
				SWIFT_OPTIMIZATION_LEVEL = "-O";
				VALIDATE_PRODUCT = YES;
			};
			name = Release;
		};
		9ECD3AC526545462002BC78F /* Debug */ = {
			isa = XCBuildConfiguration;
			buildSettings = {
				ASSETCATALOG_COMPILER_APPICON_NAME = AppIcon;
				ASSETCATALOG_COMPILER_GLOBAL_ACCENT_COLOR_NAME = AccentColor;
				CODE_SIGN_STYLE = Automatic;
				DEVELOPMENT_TEAM = N9DGLJU24L;
				INFOPLIST_FILE = "eggplant-brownie/Info.plist";
				LD_RUNPATH_SEARCH_PATHS = (
					"$(inherited)",
					"@executable_path/Frameworks",
				);
				PRODUCT_BUNDLE_IDENTIFIER = "dev.rogeriotavares.eggplant-brownie";
				PRODUCT_NAME = "$(TARGET_NAME)";
				SWIFT_VERSION = 5.0;
				TARGETED_DEVICE_FAMILY = "1,2";
			};
			name = Debug;
		};
		9ECD3AC626545462002BC78F /* Release */ = {
			isa = XCBuildConfiguration;
			buildSettings = {
				ASSETCATALOG_COMPILER_APPICON_NAME = AppIcon;
				ASSETCATALOG_COMPILER_GLOBAL_ACCENT_COLOR_NAME = AccentColor;
				CODE_SIGN_STYLE = Automatic;
				DEVELOPMENT_TEAM = N9DGLJU24L;
				INFOPLIST_FILE = "eggplant-brownie/Info.plist";
				LD_RUNPATH_SEARCH_PATHS = (
					"$(inherited)",
					"@executable_path/Frameworks",
				);
				PRODUCT_BUNDLE_IDENTIFIER = "dev.rogeriotavares.eggplant-brownie";
				PRODUCT_NAME = "$(TARGET_NAME)";
				SWIFT_VERSION = 5.0;
				TARGETED_DEVICE_FAMILY = "1,2";
			};
			name = Release;
		};
/* End XCBuildConfiguration section */

/* Begin XCConfigurationList section */
		9ECD3AAB26545460002BC78F /* Build configuration list for PBXProject "eggplant-brownie" */ = {
			isa = XCConfigurationList;
			buildConfigurations = (
				9ECD3AC226545462002BC78F /* Debug */,
				9ECD3AC326545462002BC78F /* Release */,
			);
			defaultConfigurationIsVisible = 0;
			defaultConfigurationName = Release;
		};
		9ECD3AC426545462002BC78F /* Build configuration list for PBXNativeTarget "eggplant-brownie" */ = {
			isa = XCConfigurationList;
			buildConfigurations = (
				9ECD3AC526545462002BC78F /* Debug */,
				9ECD3AC626545462002BC78F /* Release */,
			);
			defaultConfigurationIsVisible = 0;
			defaultConfigurationName = Release;
		};
/* End XCConfigurationList section */
	};
	rootObject = 9ECD3AA826545460002BC78F /* Project object */;
}
